{
  "name": "only4john.github.io",
  "version": "1.0.0",
  "lockfileVersion": 3,
  "requires": true,
  "packages": {
    "": {
      "name": "only4john.github.io",
      "version": "1.0.0",
      "license": "ISC",
      "dependencies": {
        "@vercel/kv": "^3.0.0"
      }
    },
    "node_modules/@upstash/redis": {
      "version": "1.34.8",
      "resolved": "https://registry.npmjs.org/@upstash/redis/-/redis-1.34.8.tgz",
      "integrity": "sha512-eGJgOKc+2Uq4AdSM0lNx+WvFFhQeyhJ32SGNuSniLPg4lNb6m5h2AQ77qL+TgWiMZO8HCQ82Zsc/RlVBevCWTg==",
      "license": "MIT",
      "dependencies": {
        "crypto-js": "^4.2.0"
      }
    },
    "node_modules/@vercel/kv": {
      "version": "3.0.0",
      "resolved": "https://registry.npmjs.org/@vercel/kv/-/kv-3.0.0.tgz",
      "integrity": "sha512-pKT8fRnfyYk2MgvyB6fn6ipJPCdfZwiKDdw7vB+HL50rjboEBHDVBEcnwfkEpVSp2AjNtoaOUH7zG+bVC/rvSg==",
      "license": "Apache-2.0",
      "dependencies": {
        "@upstash/redis": "^1.34.0"
      },
      "engines": {
        "node": ">=14.6"
      }
    },
    "node_modules/crypto-js": {
      "version": "4.2.0",
      "resolved": "https://registry.npmjs.org/crypto-js/-/crypto-js-4.2.0.tgz",
      "integrity": "sha512-KALDyEYgpY+Rlob/iriUtjV6d5Eq+Y191A5g4UqLAi8CyGP9N1+FdVbkc1SxKc2r4YAYqG8JzO2KGL+AizD70Q==",
      "license": "MIT"
    }
  }
}
